
Microsoft Visual Studio Solution File, Format Version 12.00
# Visual Studio Version 16
VisualStudioVersion = 16.0.31205.134
MinimumVisualStudioVersion = 10.0.40219.1
Project("{FAE04EC0-301F-11D3-BF4B-00C04F79EFBC}") = "Linear Search", "Linear Search\Linear Search.csproj", "{9B8FBCC7-DE74-40A7-846C-EDC81D145308}"
EndProject
Global
	GlobalSection(SolutionConfigurationPlatforms) = preSolution
		Debug|Any CPU = Debug|Any CPU
		Release|Any CPU = Release|Any CPU
	EndGlobalSection
	GlobalSection(ProjectConfigurationPlatforms) = postSolution
		{9B8FBCC7-DE74-40A7-846C-EDC81D145308}.Debug|Any CPU.ActiveCfg = Debug|Any CPU
		{9B8FBCC7-DE74-40A7-846C-EDC81D145308}.Debug|Any CPU.Build.0 = Debug|Any CPU
		{9B8FBCC7-DE74-40A7-846C-EDC81D145308}.Release|Any CPU.ActiveCfg = Release|Any CPU
		{9B8FBCC7-DE74-40A7-846C-EDC81D145308}.Release|Any CPU.Build.0 = Release|Any CPU
	EndGlobalSection
	GlobalSection(SolutionProperties) = preSolution
		HideSolutionNode = FALSE
	EndGlobalSection
	GlobalSection(ExtensibilityGlobals) = postSolution
		SolutionGuid = {D50B3EFA-756C-44EF-BFB2-FDD98F16CAAD}
	EndGlobalSection
EndGlobal
